// !$*UTF8*$!
{
	archiveVersion = 1;
	classes = {
	};
	objectVersion = 48;
	objects = {

/* Begin PBXBuildFile section */
		A59C8AA72DFFD5E260A8644E /* Pods_target_MiramarTicketMaster.framework in Frameworks */ = {isa = PBXBuildFile; fileRef = CE65D4B803D56EBAFBB8B856 /* Pods_target_MiramarTicketMaster.framework */; };
		B08057AF225E34EA0003D59B /* NetworkService.swift in Sources */ = {isa = PBXBuildFile; fileRef = B08057AE225E34EA0003D59B /* NetworkService.swift */; };
		B08057B1225E35EB0003D59B /* MiramarService.swift in Sources */ = {isa = PBXBuildFile; fileRef = B08057B0225E35EB0003D59B /* MiramarService.swift */; };
		B08057B3225E37540003D59B /* AuthToken.swift in Sources */ = {isa = PBXBuildFile; fileRef = B08057B2225E37540003D59B /* AuthToken.swift */; };
		B08057B5225E39530003D59B /* SingleExtensions.swift in Sources */ = {isa = PBXBuildFile; fileRef = B08057B4225E39530003D59B /* SingleExtensions.swift */; };
		B08057B7225E3C0A0003D59B /* Member.swift in Sources */ = {isa = PBXBuildFile; fileRef = B08057B6225E3C0A0003D59B /* Member.swift */; };
		B08057BA225E478A0003D59B /* LoginViewModel.swift in Sources */ = {isa = PBXBuildFile; fileRef = B08057B9225E478A0003D59B /* LoginViewModel.swift */; };
		B08057BC225E479C0003D59B /* ViewModel.swift in Sources */ = {isa = PBXBuildFile; fileRef = B08057BB225E479C0003D59B /* ViewModel.swift */; };
		B08057BE225E4CD40003D59B /* MovieSession.swift in Sources */ = {isa = PBXBuildFile; fileRef = B08057BD225E4CD40003D59B /* MovieSession.swift */; };
		B08057C0225E53520003D59B /* MovieViewModel.swift in Sources */ = {isa = PBXBuildFile; fileRef = B08057BF225E53520003D59B /* MovieViewModel.swift */; };
		B08057C2225E57F20003D59B /* SeatPlan.swift in Sources */ = {isa = PBXBuildFile; fileRef = B08057C1225E57F20003D59B /* SeatPlan.swift */; };
		B08057C4225F826D0003D59B /* TicketFinder.swift in Sources */ = {isa = PBXBuildFile; fileRef = B08057C3225F826D0003D59B /* TicketFinder.swift */; };
		B08057C6225F83680003D59B /* Order.swift in Sources */ = {isa = PBXBuildFile; fileRef = B08057C5225F83680003D59B /* Order.swift */; };
		B08057C8225F92C30003D59B /* OrderTicket.swift in Sources */ = {isa = PBXBuildFile; fileRef = B08057C7225F92C30003D59B /* OrderTicket.swift */; };
		B08057CA225F95740003D59B /* OrderViewModel.swift in Sources */ = {isa = PBXBuildFile; fileRef = B08057C9225F95740003D59B /* OrderViewModel.swift */; };
		B08057CC225F971F0003D59B /* Payment.swift in Sources */ = {isa = PBXBuildFile; fileRef = B08057CB225F971F0003D59B /* Payment.swift */; };
		B08057CE225F9D0F0003D59B /* OrderPayment.swift in Sources */ = {isa = PBXBuildFile; fileRef = B08057CD225F9D0F0003D59B /* OrderPayment.swift */; };
		B08057D0225F9EFD0003D59B /* Config.swift in Sources */ = {isa = PBXBuildFile; fileRef = B08057CF225F9EFD0003D59B /* Config.swift */; };
		B0AEEFAD206945A500F743AF /* CBErrorCode.swift in Sources */ = {isa = PBXBuildFile; fileRef = B0AEEFAB206945A500F743AF /* CBErrorCode.swift */; };
		B0AEEFAE206945A500F743AF /* CBError.swift in Sources */ = {isa = PBXBuildFile; fileRef = B0AEEFAC206945A500F743AF /* CBError.swift */; };
		B0AEEFB1206945BF00F743AF /* MSessionManager.swift in Sources */ = {isa = PBXBuildFile; fileRef = B0AEEFB0206945BF00F743AF /* MSessionManager.swift */; };
		B0AEEFC5206945D600F743AF /* UITextFieldExtensions.swift in Sources */ = {isa = PBXBuildFile; fileRef = B0AEEFB3206945D100F743AF /* UITextFieldExtensions.swift */; };
		B0AEEFC6206945D600F743AF /* UIButtonExtensions.swift in Sources */ = {isa = PBXBuildFile; fileRef = B0AEEFB4206945D200F743AF /* UIButtonExtensions.swift */; };
		B0AEEFC7206945D600F743AF /* UIViewExtensions.swift in Sources */ = {isa = PBXBuildFile; fileRef = B0AEEFB5206945D200F743AF /* UIViewExtensions.swift */; };
		B0AEEFC8206945D600F743AF /* ErrorExtensions.swift in Sources */ = {isa = PBXBuildFile; fileRef = B0AEEFB6206945D300F743AF /* ErrorExtensions.swift */; };
		B0AEEFC9206945D600F743AF /* StringExtensions.swift in Sources */ = {isa = PBXBuildFile; fileRef = B0AEEFB7206945D300F743AF /* StringExtensions.swift */; };
		B0AEEFCA206945D600F743AF /* NetworkReachabilityManagerExtensions.swift in Sources */ = {isa = PBXBuildFile; fileRef = B0AEEFB8206945D300F743AF /* NetworkReachabilityManagerExtensions.swift */; };
		B0AEEFCB206945D600F743AF /* DataExtensions.swift in Sources */ = {isa = PBXBuildFile; fileRef = B0AEEFB9206945D300F743AF /* DataExtensions.swift */; };
		B0AEEFCC206945D600F743AF /* UIColorExtensions.swift in Sources */ = {isa = PBXBuildFile; fileRef = B0AEEFBA206945D400F743AF /* UIColorExtensions.swift */; };
		B0AEEFCD206945D600F743AF /* NSMutableAttributedStringExtensions.swift in Sources */ = {isa = PBXBuildFile; fileRef = B0AEEFBB206945D400F743AF /* NSMutableAttributedStringExtensions.swift */; };
		B0AEEFCE206945D600F743AF /* CellExtensions.swift in Sources */ = {isa = PBXBuildFile; fileRef = B0AEEFBC206945D400F743AF /* CellExtensions.swift */; };
		B0AEEFCF206945D600F743AF /* DateExtensions.swift in Sources */ = {isa = PBXBuildFile; fileRef = B0AEEFBD206945D400F743AF /* DateExtensions.swift */; };
		B0AEEFD0206945D600F743AF /* RxAlamofire.swift in Sources */ = {isa = PBXBuildFile; fileRef = B0AEEFBE206945D400F743AF /* RxAlamofire.swift */; };
		B0AEEFD1206945D600F743AF /* DispatchQueueExtensions.swift in Sources */ = {isa = PBXBuildFile; fileRef = B0AEEFBF206945D500F743AF /* DispatchQueueExtensions.swift */; };
		B0AEEFD2206945D600F743AF /* BundleExtensions.swift in Sources */ = {isa = PBXBuildFile; fileRef = B0AEEFC0206945D500F743AF /* BundleExtensions.swift */; };
		B0AEEFD3206945D600F743AF /* UIImageExtension.swift in Sources */ = {isa = PBXBuildFile; fileRef = B0AEEFC1206945D500F743AF /* UIImageExtension.swift */; };
		B0AEEFD4206945D600F743AF /* UIFontExtensions.swift in Sources */ = {isa = PBXBuildFile; fileRef = B0AEEFC2206945D500F743AF /* UIFontExtensions.swift */; };
		B0AEEFD5206945D600F743AF /* UIResponderExtension.swift in Sources */ = {isa = PBXBuildFile; fileRef = B0AEEFC3206945D500F743AF /* UIResponderExtension.swift */; };
		B0AEEFD6206945D600F743AF /* DecoderExtensions.swift in Sources */ = {isa = PBXBuildFile; fileRef = B0AEEFC4206945D600F743AF /* DecoderExtensions.swift */; };
		B0AEEFE4206945ED00F743AF /* APIModule.swift in Sources */ = {isa = PBXBuildFile; fileRef = B0AEEFDB206945EC00F743AF /* APIModule.swift */; };
		B0AEEFE5206945ED00F743AF /* Environments.swift in Sources */ = {isa = PBXBuildFile; fileRef = B0AEEFDC206945EC00F743AF /* Environments.swift */; };
		B0AEEFE7206945ED00F743AF /* Network.swift in Sources */ = {isa = PBXBuildFile; fileRef = B0AEEFDE206945ED00F743AF /* Network.swift */; };
		B0AEEFE9206945ED00F743AF /* Notification.swift in Sources */ = {isa = PBXBuildFile; fileRef = B0AEEFE0206945ED00F743AF /* Notification.swift */; };
		B0AEEFEC206947D300F743AF /* Utils.swift in Sources */ = {isa = PBXBuildFile; fileRef = B0AEEFEB206947D300F743AF /* Utils.swift */; };
		B0BBFED120693E1800F59FCC /* AppDelegate.swift in Sources */ = {isa = PBXBuildFile; fileRef = B0BBFED020693E1800F59FCC /* AppDelegate.swift */; };
		B0BBFED320693E1800F59FCC /* MainViewController.swift in Sources */ = {isa = PBXBuildFile; fileRef = B0BBFED220693E1800F59FCC /* MainViewController.swift */; };
		B0BBFED820693E1800F59FCC /* Assets.xcassets in Resources */ = {isa = PBXBuildFile; fileRef = B0BBFED720693E1800F59FCC /* Assets.xcassets */; };
		B0BBFEDB20693E1800F59FCC /* LaunchScreen.storyboard in Resources */ = {isa = PBXBuildFile; fileRef = B0BBFED920693E1800F59FCC /* LaunchScreen.storyboard */; };
		B0BBFEE620693E1800F59FCC /* MiramarTicketMasterTests.swift in Sources */ = {isa = PBXBuildFile; fileRef = B0BBFEE520693E1800F59FCC /* MiramarTicketMasterTests.swift */; };
		B0C64A3A225F29BA00B4F921 /* SeatViewModel.swift in Sources */ = {isa = PBXBuildFile; fileRef = B0C64A39225F29BA00B4F921 /* SeatViewModel.swift */; };
		B0C64A3D225F327900B4F921 /* MovieSessionFinder.swift in Sources */ = {isa = PBXBuildFile; fileRef = B0C64A3C225F327900B4F921 /* MovieSessionFinder.swift */; };
		B0C64A3F225F33A000B4F921 /* SeatFinder.swift in Sources */ = {isa = PBXBuildFile; fileRef = B0C64A3E225F33A000B4F921 /* SeatFinder.swift */; };
		B0C64A45225F42CA00B4F921 /* TicketType.swift in Sources */ = {isa = PBXBuildFile; fileRef = B0C64A44225F42C900B4F921 /* TicketType.swift */; };
		B0C64A47225F455700B4F921 /* TicketTypesViewModel.swift in Sources */ = {isa = PBXBuildFile; fileRef = B0C64A46225F455700B4F921 /* TicketTypesViewModel.swift */; };
		B0C64A49225F4F0600B4F921 /* SeatAndTicketViewModel.swift in Sources */ = {isa = PBXBuildFile; fileRef = B0C64A48225F4F0600B4F921 /* SeatAndTicketViewModel.swift */; };
		B0C64A4B2260744800B4F921 /* NavidationController.swift in Sources */ = {isa = PBXBuildFile; fileRef = B0C64A4A2260744800B4F921 /* NavidationController.swift */; };
		B0C64A4D2260A14600B4F921 /* SettingsViewController.swift in Sources */ = {isa = PBXBuildFile; fileRef = B0C64A4C2260A14600B4F921 /* SettingsViewController.swift */; };
		B0C64A4F2260A2BB00B4F921 /* ViewController.swift in Sources */ = {isa = PBXBuildFile; fileRef = B0C64A4E2260A2BB00B4F921 /* ViewController.swift */; };
		B0C64A512260A32500B4F921 /* UIBarButtonItemExtensions.swift in Sources */ = {isa = PBXBuildFile; fileRef = B0C64A502260A32500B4F921 /* UIBarButtonItemExtensions.swift */; };
/* End PBXBuildFile section */

/* Begin PBXContainerItemProxy section */
		B0BBFEE220693E1800F59FCC /* PBXContainerItemProxy */ = {
			isa = PBXContainerItemProxy;
			containerPortal = B0BBFEC520693E1800F59FCC /* Project object */;
			proxyType = 1;
			remoteGlobalIDString = B0BBFECC20693E1800F59FCC;
			remoteInfo = MiramarTicketMaster;
		};
/* End PBXContainerItemProxy section */

/* Begin PBXFileReference section */
		136BC625F58A0109F6D0C1BC /* Pods-target-MiramarTicketMaster.debug.xcconfig */ = {isa = PBXFileReference; includeInIndex = 1; lastKnownFileType = text.xcconfig; name = "Pods-target-MiramarTicketMaster.debug.xcconfig"; path = "Pods/Target Support Files/Pods-target-MiramarTicketMaster/Pods-target-MiramarTicketMaster.debug.xcconfig"; sourceTree = "<group>"; };
		B08057AE225E34EA0003D59B /* NetworkService.swift */ = {isa = PBXFileReference; lastKnownFileType = sourcecode.swift; path = NetworkService.swift; sourceTree = "<group>"; };
		B08057B0225E35EB0003D59B /* MiramarService.swift */ = {isa = PBXFileReference; lastKnownFileType = sourcecode.swift; path = MiramarService.swift; sourceTree = "<group>"; };
		B08057B2225E37540003D59B /* AuthToken.swift */ = {isa = PBXFileReference; lastKnownFileType = sourcecode.swift; path = AuthToken.swift; sourceTree = "<group>"; };
		B08057B4225E39530003D59B /* SingleExtensions.swift */ = {isa = PBXFileReference; lastKnownFileType = sourcecode.swift; path = SingleExtensions.swift; sourceTree = "<group>"; };
		B08057B6225E3C0A0003D59B /* Member.swift */ = {isa = PBXFileReference; lastKnownFileType = sourcecode.swift; path = Member.swift; sourceTree = "<group>"; };
		B08057B9225E478A0003D59B /* LoginViewModel.swift */ = {isa = PBXFileReference; lastKnownFileType = sourcecode.swift; path = LoginViewModel.swift; sourceTree = "<group>"; };
		B08057BB225E479C0003D59B /* ViewModel.swift */ = {isa = PBXFileReference; lastKnownFileType = sourcecode.swift; path = ViewModel.swift; sourceTree = "<group>"; };
		B08057BD225E4CD40003D59B /* MovieSession.swift */ = {isa = PBXFileReference; lastKnownFileType = sourcecode.swift; path = MovieSession.swift; sourceTree = "<group>"; };
		B08057BF225E53520003D59B /* MovieViewModel.swift */ = {isa = PBXFileReference; lastKnownFileType = sourcecode.swift; path = MovieViewModel.swift; sourceTree = "<group>"; };
		B08057C1225E57F20003D59B /* SeatPlan.swift */ = {isa = PBXFileReference; lastKnownFileType = sourcecode.swift; path = SeatPlan.swift; sourceTree = "<group>"; };
		B08057C3225F826D0003D59B /* TicketFinder.swift */ = {isa = PBXFileReference; lastKnownFileType = sourcecode.swift; path = TicketFinder.swift; sourceTree = "<group>"; };
		B08057C5225F83680003D59B /* Order.swift */ = {isa = PBXFileReference; lastKnownFileType = sourcecode.swift; path = Order.swift; sourceTree = "<group>"; };
		B08057C7225F92C30003D59B /* OrderTicket.swift */ = {isa = PBXFileReference; lastKnownFileType = sourcecode.swift; path = OrderTicket.swift; sourceTree = "<group>"; };
		B08057C9225F95740003D59B /* OrderViewModel.swift */ = {isa = PBXFileReference; lastKnownFileType = sourcecode.swift; path = OrderViewModel.swift; sourceTree = "<group>"; };
		B08057CB225F971F0003D59B /* Payment.swift */ = {isa = PBXFileReference; lastKnownFileType = sourcecode.swift; path = Payment.swift; sourceTree = "<group>"; };
		B08057CD225F9D0F0003D59B /* OrderPayment.swift */ = {isa = PBXFileReference; lastKnownFileType = sourcecode.swift; path = OrderPayment.swift; sourceTree = "<group>"; };
		B08057CF225F9EFD0003D59B /* Config.swift */ = {isa = PBXFileReference; lastKnownFileType = sourcecode.swift; path = Config.swift; sourceTree = "<group>"; };
		B0AEEFAB206945A500F743AF /* CBErrorCode.swift */ = {isa = PBXFileReference; lastKnownFileType = sourcecode.swift; path = CBErrorCode.swift; sourceTree = "<group>"; };
		B0AEEFAC206945A500F743AF /* CBError.swift */ = {isa = PBXFileReference; lastKnownFileType = sourcecode.swift; path = CBError.swift; sourceTree = "<group>"; };
		B0AEEFB0206945BF00F743AF /* MSessionManager.swift */ = {isa = PBXFileReference; lastKnownFileType = sourcecode.swift; path = MSessionManager.swift; sourceTree = "<group>"; };
		B0AEEFB3206945D100F743AF /* UITextFieldExtensions.swift */ = {isa = PBXFileReference; lastKnownFileType = sourcecode.swift; path = UITextFieldExtensions.swift; sourceTree = "<group>"; };
		B0AEEFB4206945D200F743AF /* UIButtonExtensions.swift */ = {isa = PBXFileReference; lastKnownFileType = sourcecode.swift; path = UIButtonExtensions.swift; sourceTree = "<group>"; };
		B0AEEFB5206945D200F743AF /* UIViewExtensions.swift */ = {isa = PBXFileReference; lastKnownFileType = sourcecode.swift; path = UIViewExtensions.swift; sourceTree = "<group>"; };
		B0AEEFB6206945D300F743AF /* ErrorExtensions.swift */ = {isa = PBXFileReference; lastKnownFileType = sourcecode.swift; path = ErrorExtensions.swift; sourceTree = "<group>"; };
		B0AEEFB7206945D300F743AF /* StringExtensions.swift */ = {isa = PBXFileReference; lastKnownFileType = sourcecode.swift; path = StringExtensions.swift; sourceTree = "<group>"; };
		B0AEEFB8206945D300F743AF /* NetworkReachabilityManagerExtensions.swift */ = {isa = PBXFileReference; lastKnownFileType = sourcecode.swift; path = NetworkReachabilityManagerExtensions.swift; sourceTree = "<group>"; };
		B0AEEFB9206945D300F743AF /* DataExtensions.swift */ = {isa = PBXFileReference; lastKnownFileType = sourcecode.swift; path = DataExtensions.swift; sourceTree = "<group>"; };
		B0AEEFBA206945D400F743AF /* UIColorExtensions.swift */ = {isa = PBXFileReference; lastKnownFileType = sourcecode.swift; path = UIColorExtensions.swift; sourceTree = "<group>"; };
		B0AEEFBB206945D400F743AF /* NSMutableAttributedStringExtensions.swift */ = {isa = PBXFileReference; lastKnownFileType = sourcecode.swift; path = NSMutableAttributedStringExtensions.swift; sourceTree = "<group>"; };
		B0AEEFBC206945D400F743AF /* CellExtensions.swift */ = {isa = PBXFileReference; lastKnownFileType = sourcecode.swift; path = CellExtensions.swift; sourceTree = "<group>"; };
		B0AEEFBD206945D400F743AF /* DateExtensions.swift */ = {isa = PBXFileReference; lastKnownFileType = sourcecode.swift; path = DateExtensions.swift; sourceTree = "<group>"; };
		B0AEEFBE206945D400F743AF /* RxAlamofire.swift */ = {isa = PBXFileReference; lastKnownFileType = sourcecode.swift; path = RxAlamofire.swift; sourceTree = "<group>"; };
		B0AEEFBF206945D500F743AF /* DispatchQueueExtensions.swift */ = {isa = PBXFileReference; lastKnownFileType = sourcecode.swift; path = DispatchQueueExtensions.swift; sourceTree = "<group>"; };
		B0AEEFC0206945D500F743AF /* BundleExtensions.swift */ = {isa = PBXFileReference; lastKnownFileType = sourcecode.swift; path = BundleExtensions.swift; sourceTree = "<group>"; };
		B0AEEFC1206945D500F743AF /* UIImageExtension.swift */ = {isa = PBXFileReference; lastKnownFileType = sourcecode.swift; path = UIImageExtension.swift; sourceTree = "<group>"; };
		B0AEEFC2206945D500F743AF /* UIFontExtensions.swift */ = {isa = PBXFileReference; lastKnownFileType = sourcecode.swift; path = UIFontExtensions.swift; sourceTree = "<group>"; };
		B0AEEFC3206945D500F743AF /* UIResponderExtension.swift */ = {isa = PBXFileReference; lastKnownFileType = sourcecode.swift; path = UIResponderExtension.swift; sourceTree = "<group>"; };
		B0AEEFC4206945D600F743AF /* DecoderExtensions.swift */ = {isa = PBXFileReference; lastKnownFileType = sourcecode.swift; path = DecoderExtensions.swift; sourceTree = "<group>"; };
		B0AEEFDB206945EC00F743AF /* APIModule.swift */ = {isa = PBXFileReference; lastKnownFileType = sourcecode.swift; path = APIModule.swift; sourceTree = "<group>"; };
		B0AEEFDC206945EC00F743AF /* Environments.swift */ = {isa = PBXFileReference; lastKnownFileType = sourcecode.swift; path = Environments.swift; sourceTree = "<group>"; };
		B0AEEFDE206945ED00F743AF /* Network.swift */ = {isa = PBXFileReference; lastKnownFileType = sourcecode.swift; path = Network.swift; sourceTree = "<group>"; };
		B0AEEFE0206945ED00F743AF /* Notification.swift */ = {isa = PBXFileReference; lastKnownFileType = sourcecode.swift; path = Notification.swift; sourceTree = "<group>"; };
		B0AEEFEB206947D300F743AF /* Utils.swift */ = {isa = PBXFileReference; lastKnownFileType = sourcecode.swift; path = Utils.swift; sourceTree = "<group>"; };
		B0BBFECD20693E1800F59FCC /* MiramarTicketMaster.app */ = {isa = PBXFileReference; explicitFileType = wrapper.application; includeInIndex = 0; path = MiramarTicketMaster.app; sourceTree = BUILT_PRODUCTS_DIR; };
		B0BBFED020693E1800F59FCC /* AppDelegate.swift */ = {isa = PBXFileReference; lastKnownFileType = sourcecode.swift; path = AppDelegate.swift; sourceTree = "<group>"; };
		B0BBFED220693E1800F59FCC /* MainViewController.swift */ = {isa = PBXFileReference; lastKnownFileType = sourcecode.swift; path = MainViewController.swift; sourceTree = "<group>"; };
		B0BBFED720693E1800F59FCC /* Assets.xcassets */ = {isa = PBXFileReference; lastKnownFileType = folder.assetcatalog; path = Assets.xcassets; sourceTree = "<group>"; };
		B0BBFEDA20693E1800F59FCC /* Base */ = {isa = PBXFileReference; lastKnownFileType = file.storyboard; name = Base; path = Base.lproj/LaunchScreen.storyboard; sourceTree = "<group>"; };
		B0BBFEDC20693E1800F59FCC /* Info.plist */ = {isa = PBXFileReference; lastKnownFileType = text.plist.xml; path = Info.plist; sourceTree = "<group>"; };
		B0BBFEE120693E1800F59FCC /* MiramarTicketMasterTests.xctest */ = {isa = PBXFileReference; explicitFileType = wrapper.cfbundle; includeInIndex = 0; path = MiramarTicketMasterTests.xctest; sourceTree = BUILT_PRODUCTS_DIR; };
		B0BBFEE520693E1800F59FCC /* MiramarTicketMasterTests.swift */ = {isa = PBXFileReference; lastKnownFileType = sourcecode.swift; path = MiramarTicketMasterTests.swift; sourceTree = "<group>"; };
		B0BBFEE720693E1800F59FCC /* Info.plist */ = {isa = PBXFileReference; lastKnownFileType = text.plist.xml; path = Info.plist; sourceTree = "<group>"; };
		B0C64A39225F29BA00B4F921 /* SeatViewModel.swift */ = {isa = PBXFileReference; lastKnownFileType = sourcecode.swift; path = SeatViewModel.swift; sourceTree = "<group>"; };
		B0C64A3C225F327900B4F921 /* MovieSessionFinder.swift */ = {isa = PBXFileReference; lastKnownFileType = sourcecode.swift; path = MovieSessionFinder.swift; sourceTree = "<group>"; };
		B0C64A3E225F33A000B4F921 /* SeatFinder.swift */ = {isa = PBXFileReference; lastKnownFileType = sourcecode.swift; path = SeatFinder.swift; sourceTree = "<group>"; };
		B0C64A44225F42C900B4F921 /* TicketType.swift */ = {isa = PBXFileReference; fileEncoding = 4; lastKnownFileType = sourcecode.swift; path = TicketType.swift; sourceTree = "<group>"; };
		B0C64A46225F455700B4F921 /* TicketTypesViewModel.swift */ = {isa = PBXFileReference; lastKnownFileType = sourcecode.swift; path = TicketTypesViewModel.swift; sourceTree = "<group>"; };
		B0C64A48225F4F0600B4F921 /* SeatAndTicketViewModel.swift */ = {isa = PBXFileReference; lastKnownFileType = sourcecode.swift; path = SeatAndTicketViewModel.swift; sourceTree = "<group>"; };
		B0C64A4A2260744800B4F921 /* NavidationController.swift */ = {isa = PBXFileReference; lastKnownFileType = sourcecode.swift; path = NavidationController.swift; sourceTree = "<group>"; };
		B0C64A4C2260A14600B4F921 /* SettingsViewController.swift */ = {isa = PBXFileReference; lastKnownFileType = sourcecode.swift; path = SettingsViewController.swift; sourceTree = "<group>"; };
		B0C64A4E2260A2BB00B4F921 /* ViewController.swift */ = {isa = PBXFileReference; lastKnownFileType = sourcecode.swift; path = ViewController.swift; sourceTree = "<group>"; };
		B0C64A502260A32500B4F921 /* UIBarButtonItemExtensions.swift */ = {isa = PBXFileReference; lastKnownFileType = sourcecode.swift; path = UIBarButtonItemExtensions.swift; sourceTree = "<group>"; };
		CE65D4B803D56EBAFBB8B856 /* Pods_target_MiramarTicketMaster.framework */ = {isa = PBXFileReference; explicitFileType = wrapper.framework; includeInIndex = 0; path = Pods_target_MiramarTicketMaster.framework; sourceTree = BUILT_PRODUCTS_DIR; };
		E4E2117115D5F3F66A8776FB /* Pods-target-MiramarTicketMaster.release.xcconfig */ = {isa = PBXFileReference; includeInIndex = 1; lastKnownFileType = text.xcconfig; name = "Pods-target-MiramarTicketMaster.release.xcconfig"; path = "Pods/Target Support Files/Pods-target-MiramarTicketMaster/Pods-target-MiramarTicketMaster.release.xcconfig"; sourceTree = "<group>"; };
/* End PBXFileReference section */

/* Begin PBXFrameworksBuildPhase section */
		B0BBFECA20693E1800F59FCC /* Frameworks */ = {
			isa = PBXFrameworksBuildPhase;
			buildActionMask = 2147483647;
			files = (
				A59C8AA72DFFD5E260A8644E /* Pods_target_MiramarTicketMaster.framework in Frameworks */,
			);
			runOnlyForDeploymentPostprocessing = 0;
		};
		B0BBFEDE20693E1800F59FCC /* Frameworks */ = {
			isa = PBXFrameworksBuildPhase;
			buildActionMask = 2147483647;
			files = (
			);
			runOnlyForDeploymentPostprocessing = 0;
		};
/* End PBXFrameworksBuildPhase section */

/* Begin PBXGroup section */
		B08057B8225E477D0003D59B /* ViewModels */ = {
			isa = PBXGroup;
			children = (
				B08057BB225E479C0003D59B /* ViewModel.swift */,
				B08057B9225E478A0003D59B /* LoginViewModel.swift */,
				B08057BF225E53520003D59B /* MovieViewModel.swift */,
				B0C64A39225F29BA00B4F921 /* SeatViewModel.swift */,
				B0C64A46225F455700B4F921 /* TicketTypesViewModel.swift */,
				B0C64A48225F4F0600B4F921 /* SeatAndTicketViewModel.swift */,
				B08057C9225F95740003D59B /* OrderViewModel.swift */,
			);
			path = ViewModels;
			sourceTree = "<group>";
		};
		B0AEEFA52069454100F743AF /* API */ = {
			isa = PBXGroup;
			children = (
				B08057AE225E34EA0003D59B /* NetworkService.swift */,
				B08057B0225E35EB0003D59B /* MiramarService.swift */,
			);
			path = API;
			sourceTree = "<group>";
		};
		B0AEEFAA2069456900F743AF /* Models */ = {
			isa = PBXGroup;
			children = (
				B08057B2225E37540003D59B /* AuthToken.swift */,
				B08057B6225E3C0A0003D59B /* Member.swift */,
				B08057BD225E4CD40003D59B /* MovieSession.swift */,
				B08057C1225E57F20003D59B /* SeatPlan.swift */,
				B0C64A44225F42C900B4F921 /* TicketType.swift */,
				B08057C5225F83680003D59B /* Order.swift */,
				B08057C7225F92C30003D59B /* OrderTicket.swift */,
				B08057CB225F971F0003D59B /* Payment.swift */,
				B08057CD225F9D0F0003D59B /* OrderPayment.swift */,
			);
			path = Models;
			sourceTree = "<group>";
		};
		B0AEEFAF206945AF00F743AF /* Error */ = {
			isa = PBXGroup;
			children = (
				B0AEEFAC206945A500F743AF /* CBError.swift */,
				B0AEEFAB206945A500F743AF /* CBErrorCode.swift */,
			);
			path = Error;
			sourceTree = "<group>";
		};
		B0AEEFB2206945C900F743AF /* Managers */ = {
			isa = PBXGroup;
			children = (
				B0AEEFB0206945BF00F743AF /* MSessionManager.swift */,
			);
			path = Managers;
			sourceTree = "<group>";
		};
		B0AEEFD7206945E000F743AF /* Extensions */ = {
			isa = PBXGroup;
			children = (
				B0AEEFC0206945D500F743AF /* BundleExtensions.swift */,
				B0AEEFBC206945D400F743AF /* CellExtensions.swift */,
				B0AEEFB9206945D300F743AF /* DataExtensions.swift */,
				B0AEEFBD206945D400F743AF /* DateExtensions.swift */,
				B0AEEFC4206945D600F743AF /* DecoderExtensions.swift */,
				B0AEEFBF206945D500F743AF /* DispatchQueueExtensions.swift */,
				B0AEEFB6206945D300F743AF /* ErrorExtensions.swift */,
				B0AEEFB8206945D300F743AF /* NetworkReachabilityManagerExtensions.swift */,
				B0AEEFBB206945D400F743AF /* NSMutableAttributedStringExtensions.swift */,
				B0AEEFBE206945D400F743AF /* RxAlamofire.swift */,
				B0AEEFB7206945D300F743AF /* StringExtensions.swift */,
				B0AEEFB4206945D200F743AF /* UIButtonExtensions.swift */,
				B0AEEFBA206945D400F743AF /* UIColorExtensions.swift */,
				B0AEEFC2206945D500F743AF /* UIFontExtensions.swift */,
				B0AEEFC1206945D500F743AF /* UIImageExtension.swift */,
				B0AEEFC3206945D500F743AF /* UIResponderExtension.swift */,
				B0AEEFB3206945D100F743AF /* UITextFieldExtensions.swift */,
				B0AEEFB5206945D200F743AF /* UIViewExtensions.swift */,
				B08057B4225E39530003D59B /* SingleExtensions.swift */,
				B0C64A502260A32500B4F921 /* UIBarButtonItemExtensions.swift */,
			);
			path = Extensions;
			sourceTree = "<group>";
		};
		B0AEEFEA206945F900F743AF /* Constants */ = {
			isa = PBXGroup;
			children = (
				B0AEEFDB206945EC00F743AF /* APIModule.swift */,
				B0AEEFDC206945EC00F743AF /* Environments.swift */,
				B0AEEFDE206945ED00F743AF /* Network.swift */,
				B0AEEFE0206945ED00F743AF /* Notification.swift */,
			);
			path = Constants;
			sourceTree = "<group>";
		};
		B0BBFEC420693E1800F59FCC = {
			isa = PBXGroup;
			children = (
				B0BBFECF20693E1800F59FCC /* MiramarTicketMaster */,
				B0BBFEE420693E1800F59FCC /* MiramarTicketMasterTests */,
				B0BBFECE20693E1800F59FCC /* Products */,
				EBF13142FF6FB83A4A6A06E6 /* Pods */,
				DECC6039AC04B3E7752D15F8 /* Frameworks */,
			);
			sourceTree = "<group>";
		};
		B0BBFECE20693E1800F59FCC /* Products */ = {
			isa = PBXGroup;
			children = (
				B0BBFECD20693E1800F59FCC /* MiramarTicketMaster.app */,
				B0BBFEE120693E1800F59FCC /* MiramarTicketMasterTests.xctest */,
			);
			name = Products;
			sourceTree = "<group>";
		};
		B0BBFECF20693E1800F59FCC /* MiramarTicketMaster */ = {
			isa = PBXGroup;
			children = (
				B0C64A3B225F326100B4F921 /* Helper */,
				B08057B8225E477D0003D59B /* ViewModels */,
				B0BBFED020693E1800F59FCC /* AppDelegate.swift */,
				B0AEEFEB206947D300F743AF /* Utils.swift */,
				B0AEEFA52069454100F743AF /* API */,
				B0AEEFAA2069456900F743AF /* Models */,
				B0AEEFAF206945AF00F743AF /* Error */,
				B0AEEFB2206945C900F743AF /* Managers */,
				B0AEEFD7206945E000F743AF /* Extensions */,
				B0AEEFEA206945F900F743AF /* Constants */,
				B0BBFED220693E1800F59FCC /* MainViewController.swift */,
				B0C64A4C2260A14600B4F921 /* SettingsViewController.swift */,
				B0C64A4A2260744800B4F921 /* NavidationController.swift */,
				B0C64A4E2260A2BB00B4F921 /* ViewController.swift */,
				B08057CF225F9EFD0003D59B /* Config.swift */,
				B0BBFED720693E1800F59FCC /* Assets.xcassets */,
				B0BBFED920693E1800F59FCC /* LaunchScreen.storyboard */,
				B0BBFEDC20693E1800F59FCC /* Info.plist */,
			);
			path = MiramarTicketMaster;
			sourceTree = "<group>";
		};
		B0BBFEE420693E1800F59FCC /* MiramarTicketMasterTests */ = {
			isa = PBXGroup;
			children = (
				B0BBFEE520693E1800F59FCC /* MiramarTicketMasterTests.swift */,
				B0BBFEE720693E1800F59FCC /* Info.plist */,
			);
			path = MiramarTicketMasterTests;
			sourceTree = "<group>";
		};
		B0C64A3B225F326100B4F921 /* Helper */ = {
			isa = PBXGroup;
			children = (
				B0C64A3C225F327900B4F921 /* MovieSessionFinder.swift */,
				B0C64A3E225F33A000B4F921 /* SeatFinder.swift */,
				B08057C3225F826D0003D59B /* TicketFinder.swift */,
			);
			path = Helper;
			sourceTree = "<group>";
		};
		DECC6039AC04B3E7752D15F8 /* Frameworks */ = {
			isa = PBXGroup;
			children = (
				CE65D4B803D56EBAFBB8B856 /* Pods_target_MiramarTicketMaster.framework */,
			);
			name = Frameworks;
			sourceTree = "<group>";
		};
		EBF13142FF6FB83A4A6A06E6 /* Pods */ = {
			isa = PBXGroup;
			children = (
				136BC625F58A0109F6D0C1BC /* Pods-target-MiramarTicketMaster.debug.xcconfig */,
				E4E2117115D5F3F66A8776FB /* Pods-target-MiramarTicketMaster.release.xcconfig */,
			);
			name = Pods;
			sourceTree = "<group>";
		};
/* End PBXGroup section */

/* Begin PBXNativeTarget section */
		B0BBFECC20693E1800F59FCC /* MiramarTicketMaster */ = {
			isa = PBXNativeTarget;
			buildConfigurationList = B0BBFEEA20693E1800F59FCC /* Build configuration list for PBXNativeTarget "MiramarTicketMaster" */;
			buildPhases = (
				52F851E9DEC5179627CAFB51 /* [CP] Check Pods Manifest.lock */,
				B0BBFEC920693E1800F59FCC /* Sources */,
				B0BBFECA20693E1800F59FCC /* Frameworks */,
				B0BBFECB20693E1800F59FCC /* Resources */,
				BB0AA0AF705FC05B68C630E6 /* [CP] Embed Pods Frameworks */,
			);
			buildRules = (
			);
			dependencies = (
			);
			name = MiramarTicketMaster;
			productName = MiramarTicketMaster;
			productReference = B0BBFECD20693E1800F59FCC /* MiramarTicketMaster.app */;
			productType = "com.apple.product-type.application";
		};
		B0BBFEE020693E1800F59FCC /* MiramarTicketMasterTests */ = {
			isa = PBXNativeTarget;
			buildConfigurationList = B0BBFEED20693E1800F59FCC /* Build configuration list for PBXNativeTarget "MiramarTicketMasterTests" */;
			buildPhases = (
				B0BBFEDD20693E1800F59FCC /* Sources */,
				B0BBFEDE20693E1800F59FCC /* Frameworks */,
				B0BBFEDF20693E1800F59FCC /* Resources */,
			);
			buildRules = (
			);
			dependencies = (
				B0BBFEE320693E1800F59FCC /* PBXTargetDependency */,
			);
			name = MiramarTicketMasterTests;
			productName = MiramarTicketMasterTests;
			productReference = B0BBFEE120693E1800F59FCC /* MiramarTicketMasterTests.xctest */;
			productType = "com.apple.product-type.bundle.unit-test";
		};
/* End PBXNativeTarget section */

/* Begin PBXProject section */
		B0BBFEC520693E1800F59FCC /* Project object */ = {
			isa = PBXProject;
			attributes = {
				LastSwiftUpdateCheck = 0920;
				LastUpgradeCheck = 0920;
				ORGANIZATIONNAME = Wayne;
				TargetAttributes = {
					B0BBFECC20693E1800F59FCC = {
						CreatedOnToolsVersion = 9.2;
						ProvisioningStyle = Automatic;
					};
					B0BBFEE020693E1800F59FCC = {
						CreatedOnToolsVersion = 9.2;
						ProvisioningStyle = Automatic;
						TestTargetID = B0BBFECC20693E1800F59FCC;
					};
				};
			};
			buildConfigurationList = B0BBFEC820693E1800F59FCC /* Build configuration list for PBXProject "MiramarTicketMaster" */;
			compatibilityVersion = "Xcode 8.0";
			developmentRegion = en;
			hasScannedForEncodings = 0;
			knownRegions = (
				en,
				Base,
			);
			mainGroup = B0BBFEC420693E1800F59FCC;
			productRefGroup = B0BBFECE20693E1800F59FCC /* Products */;
			projectDirPath = "";
			projectRoot = "";
			targets = (
				B0BBFECC20693E1800F59FCC /* MiramarTicketMaster */,
				B0BBFEE020693E1800F59FCC /* MiramarTicketMasterTests */,
			);
		};
/* End PBXProject section */

/* Begin PBXResourcesBuildPhase section */
		B0BBFECB20693E1800F59FCC /* Resources */ = {
			isa = PBXResourcesBuildPhase;
			buildActionMask = 2147483647;
			files = (
				B0BBFEDB20693E1800F59FCC /* LaunchScreen.storyboard in Resources */,
				B0BBFED820693E1800F59FCC /* Assets.xcassets in Resources */,
			);
			runOnlyForDeploymentPostprocessing = 0;
		};
		B0BBFEDF20693E1800F59FCC /* Resources */ = {
			isa = PBXResourcesBuildPhase;
			buildActionMask = 2147483647;
			files = (
			);
			runOnlyForDeploymentPostprocessing = 0;
		};
/* End PBXResourcesBuildPhase section */

/* Begin PBXShellScriptBuildPhase section */
		52F851E9DEC5179627CAFB51 /* [CP] Check Pods Manifest.lock */ = {
			isa = PBXShellScriptBuildPhase;
			buildActionMask = 2147483647;
			files = (
			);
			inputPaths = (
				"${PODS_PODFILE_DIR_PATH}/Podfile.lock",
				"${PODS_ROOT}/Manifest.lock",
			);
			name = "[CP] Check Pods Manifest.lock";
			outputPaths = (
				"$(DERIVED_FILE_DIR)/Pods-target-MiramarTicketMaster-checkManifestLockResult.txt",
			);
			runOnlyForDeploymentPostprocessing = 0;
			shellPath = /bin/sh;
			shellScript = "diff \"${PODS_PODFILE_DIR_PATH}/Podfile.lock\" \"${PODS_ROOT}/Manifest.lock\" > /dev/null\nif [ $? != 0 ] ; then\n    # print error to STDERR\n    echo \"error: The sandbox is not in sync with the Podfile.lock. Run 'pod install' or update your CocoaPods installation.\" >&2\n    exit 1\nfi\n# This output is used by Xcode 'outputs' to avoid re-running this script phase.\necho \"SUCCESS\" > \"${SCRIPT_OUTPUT_FILE_0}\"\n";
			showEnvVarsInLog = 0;
		};
		BB0AA0AF705FC05B68C630E6 /* [CP] Embed Pods Frameworks */ = {
			isa = PBXShellScriptBuildPhase;
			buildActionMask = 2147483647;
			files = (
			);
			inputPaths = (
				"${SRCROOT}/Pods/Target Support Files/Pods-target-MiramarTicketMaster/Pods-target-MiramarTicketMaster-frameworks.sh",
				"${BUILT_PRODUCTS_DIR}/Alamofire/Alamofire.framework",
				"${BUILT_PRODUCTS_DIR}/RxAlamofire/RxAlamofire.framework",
				"${BUILT_PRODUCTS_DIR}/RxCocoa/RxCocoa.framework",
				"${BUILT_PRODUCTS_DIR}/RxSwift/RxSwift.framework",
				"${BUILT_PRODUCTS_DIR}/SnapKit/SnapKit.framework",
				"${BUILT_PRODUCTS_DIR}/SwifterSwift/SwifterSwift.framework",
				"${BUILT_PRODUCTS_DIR}/SwiftyBeaver/SwiftyBeaver.framework",
			);
			name = "[CP] Embed Pods Frameworks";
			outputPaths = (
				"${TARGET_BUILD_DIR}/${FRAMEWORKS_FOLDER_PATH}/Alamofire.framework",
				"${TARGET_BUILD_DIR}/${FRAMEWORKS_FOLDER_PATH}/RxAlamofire.framework",
				"${TARGET_BUILD_DIR}/${FRAMEWORKS_FOLDER_PATH}/RxCocoa.framework",
				"${TARGET_BUILD_DIR}/${FRAMEWORKS_FOLDER_PATH}/RxSwift.framework",
				"${TARGET_BUILD_DIR}/${FRAMEWORKS_FOLDER_PATH}/SnapKit.framework",
				"${TARGET_BUILD_DIR}/${FRAMEWORKS_FOLDER_PATH}/SwifterSwift.framework",
				"${TARGET_BUILD_DIR}/${FRAMEWORKS_FOLDER_PATH}/SwiftyBeaver.framework",
			);
			runOnlyForDeploymentPostprocessing = 0;
			shellPath = /bin/sh;
			shellScript = "\"${SRCROOT}/Pods/Target Support Files/Pods-target-MiramarTicketMaster/Pods-target-MiramarTicketMaster-frameworks.sh\"\n";
			showEnvVarsInLog = 0;
		};
/* End PBXShellScriptBuildPhase section */

/* Begin PBXSourcesBuildPhase section */
		B0BBFEC920693E1800F59FCC /* Sources */ = {
			isa = PBXSourcesBuildPhase;
			buildActionMask = 2147483647;
			files = (
				B0AEEFE4206945ED00F743AF /* APIModule.swift in Sources */,
				B08057B1225E35EB0003D59B /* MiramarService.swift in Sources */,
				B0AEEFC6206945D600F743AF /* UIButtonExtensions.swift in Sources */,
				B0C64A3F225F33A000B4F921 /* SeatFinder.swift in Sources */,
				B0AEEFB1206945BF00F743AF /* MSessionManager.swift in Sources */,
				B0C64A45225F42CA00B4F921 /* TicketType.swift in Sources */,
				B0AEEFCD206945D600F743AF /* NSMutableAttributedStringExtensions.swift in Sources */,
				B0AEEFD5206945D600F743AF /* UIResponderExtension.swift in Sources */,
				B08057C6225F83680003D59B /* Order.swift in Sources */,
				B0AEEFAD206945A500F743AF /* CBErrorCode.swift in Sources */,
				B0C64A3D225F327900B4F921 /* MovieSessionFinder.swift in Sources */,
				B08057BC225E479C0003D59B /* ViewModel.swift in Sources */,
				B0AEEFD2206945D600F743AF /* BundleExtensions.swift in Sources */,
				B0AEEFD1206945D600F743AF /* DispatchQueueExtensions.swift in Sources */,
				B0AEEFEC206947D300F743AF /* Utils.swift in Sources */,
				B0AEEFCF206945D600F743AF /* DateExtensions.swift in Sources */,
				B0AEEFE7206945ED00F743AF /* Network.swift in Sources */,
				B0AEEFD4206945D600F743AF /* UIFontExtensions.swift in Sources */,
				B0AEEFC8206945D600F743AF /* ErrorExtensions.swift in Sources */,
				B0C64A3A225F29BA00B4F921 /* SeatViewModel.swift in Sources */,
				B0AEEFCA206945D600F743AF /* NetworkReachabilityManagerExtensions.swift in Sources */,
				B0AEEFD6206945D600F743AF /* DecoderExtensions.swift in Sources */,
				B08057C8225F92C30003D59B /* OrderTicket.swift in Sources */,
				B08057B3225E37540003D59B /* AuthToken.swift in Sources */,
				B0AEEFC5206945D600F743AF /* UITextFieldExtensions.swift in Sources */,
				B08057BA225E478A0003D59B /* LoginViewModel.swift in Sources */,
				B0BBFED320693E1800F59FCC /* MainViewController.swift in Sources */,
				B0AEEFD0206945D600F743AF /* RxAlamofire.swift in Sources */,
				B0AEEFC7206945D600F743AF /* UIViewExtensions.swift in Sources */,
				B0C64A512260A32500B4F921 /* UIBarButtonItemExtensions.swift in Sources */,
				B08057BE225E4CD40003D59B /* MovieSession.swift in Sources */,
				B08057B5225E39530003D59B /* SingleExtensions.swift in Sources */,
				B0AEEFCB206945D600F743AF /* DataExtensions.swift in Sources */,
				B0AEEFC9206945D600F743AF /* StringExtensions.swift in Sources */,
				B08057CE225F9D0F0003D59B /* OrderPayment.swift in Sources */,
				B0C64A49225F4F0600B4F921 /* SeatAndTicketViewModel.swift in Sources */,
				B08057C2225E57F20003D59B /* SeatPlan.swift in Sources */,
				B08057C4225F826D0003D59B /* TicketFinder.swift in Sources */,
				B0AEEFCC206945D600F743AF /* UIColorExtensions.swift in Sources */,
				B0C64A4B2260744800B4F921 /* NavidationController.swift in Sources */,
				B08057D0225F9EFD0003D59B /* Config.swift in Sources */,
				B08057CC225F971F0003D59B /* Payment.swift in Sources */,
				B08057B7225E3C0A0003D59B /* Member.swift in Sources */,
				B0AEEFD3206945D600F743AF /* UIImageExtension.swift in Sources */,
				B0C64A4D2260A14600B4F921 /* SettingsViewController.swift in Sources */,
				B08057CA225F95740003D59B /* OrderViewModel.swift in Sources */,
				B0BBFED120693E1800F59FCC /* AppDelegate.swift in Sources */,
				B0AEEFCE206945D600F743AF /* CellExtensions.swift in Sources */,
				B0AEEFE9206945ED00F743AF /* Notification.swift in Sources */,
				B0C64A4F2260A2BB00B4F921 /* ViewController.swift in Sources */,
				B0AEEFE5206945ED00F743AF /* Environments.swift in Sources */,
				B08057C0225E53520003D59B /* MovieViewModel.swift in Sources */,
				B08057AF225E34EA0003D59B /* NetworkService.swift in Sources */,
				B0AEEFAE206945A500F743AF /* CBError.swift in Sources */,
				B0C64A47225F455700B4F921 /* TicketTypesViewModel.swift in Sources */,
			);
			runOnlyForDeploymentPostprocessing = 0;
		};
		B0BBFEDD20693E1800F59FCC /* Sources */ = {
			isa = PBXSourcesBuildPhase;
			buildActionMask = 2147483647;
			files = (
				B0BBFEE620693E1800F59FCC /* MiramarTicketMasterTests.swift in Sources */,
			);
			runOnlyForDeploymentPostprocessing = 0;
		};
/* End PBXSourcesBuildPhase section */

/* Begin PBXTargetDependency section */
		B0BBFEE320693E1800F59FCC /* PBXTargetDependency */ = {
			isa = PBXTargetDependency;
			target = B0BBFECC20693E1800F59FCC /* MiramarTicketMaster */;
			targetProxy = B0BBFEE220693E1800F59FCC /* PBXContainerItemProxy */;
		};
/* End PBXTargetDependency section */

/* Begin PBXVariantGroup section */
		B0BBFED920693E1800F59FCC /* LaunchScreen.storyboard */ = {
			isa = PBXVariantGroup;
			children = (
				B0BBFEDA20693E1800F59FCC /* Base */,
			);
			name = LaunchScreen.storyboard;
			sourceTree = "<group>";
		};
/* End PBXVariantGroup section */

/* Begin XCBuildConfiguration section */
		B0BBFEE820693E1800F59FCC /* Debug */ = {
			isa = XCBuildConfiguration;
			buildSettings = {
				ALWAYS_SEARCH_USER_PATHS = NO;
				CLANG_ANALYZER_NONNULL = YES;
				CLANG_ANALYZER_NUMBER_OBJECT_CONVERSION = YES_AGGRESSIVE;
				CLANG_CXX_LANGUAGE_STANDARD = "gnu++14";
				CLANG_CXX_LIBRARY = "libc++";
				CLANG_ENABLE_MODULES = YES;
				CLANG_ENABLE_OBJC_ARC = YES;
				CLANG_WARN_BLOCK_CAPTURE_AUTORELEASING = YES;
				CLANG_WARN_BOOL_CONVERSION = YES;
				CLANG_WARN_COMMA = YES;
				CLANG_WARN_CONSTANT_CONVERSION = YES;
				CLANG_WARN_DIRECT_OBJC_ISA_USAGE = YES_ERROR;
				CLANG_WARN_DOCUMENTATION_COMMENTS = YES;
				CLANG_WARN_EMPTY_BODY = YES;
				CLANG_WARN_ENUM_CONVERSION = YES;
				CLANG_WARN_INFINITE_RECURSION = YES;
				CLANG_WARN_INT_CONVERSION = YES;
				CLANG_WARN_NON_LITERAL_NULL_CONVERSION = YES;
				CLANG_WARN_OBJC_LITERAL_CONVERSION = YES;
				CLANG_WARN_OBJC_ROOT_CLASS = YES_ERROR;
				CLANG_WARN_RANGE_LOOP_ANALYSIS = YES;
				CLANG_WARN_STRICT_PROTOTYPES = YES;
				CLANG_WARN_SUSPICIOUS_MOVE = YES;
				CLANG_WARN_UNGUARDED_AVAILABILITY = YES_AGGRESSIVE;
				CLANG_WARN_UNREACHABLE_CODE = YES;
				CLANG_WARN__DUPLICATE_METHOD_MATCH = YES;
				CODE_SIGN_IDENTITY = "iPhone Developer";
				COPY_PHASE_STRIP = NO;
				DEBUG_INFORMATION_FORMAT = dwarf;
				ENABLE_STRICT_OBJC_MSGSEND = YES;
				ENABLE_TESTABILITY = YES;
				GCC_C_LANGUAGE_STANDARD = gnu11;
				GCC_DYNAMIC_NO_PIC = NO;
				GCC_NO_COMMON_BLOCKS = YES;
				GCC_OPTIMIZATION_LEVEL = 0;
				GCC_PREPROCESSOR_DEFINITIONS = (
					"DEBUG=1",
					"$(inherited)",
				);
				GCC_WARN_64_TO_32_BIT_CONVERSION = YES;
				GCC_WARN_ABOUT_RETURN_TYPE = YES_ERROR;
				GCC_WARN_UNDECLARED_SELECTOR = YES;
				GCC_WARN_UNINITIALIZED_AUTOS = YES_AGGRESSIVE;
				GCC_WARN_UNUSED_FUNCTION = YES;
				GCC_WARN_UNUSED_VARIABLE = YES;
				IPHONEOS_DEPLOYMENT_TARGET = 11.2;
				MTL_ENABLE_DEBUG_INFO = YES;
				ONLY_ACTIVE_ARCH = YES;
				SDKROOT = iphoneos;
				SWIFT_ACTIVE_COMPILATION_CONDITIONS = DEBUG;
				SWIFT_OPTIMIZATION_LEVEL = "-Onone";
			};
			name = Debug;
		};
		B0BBFEE920693E1800F59FCC /* Release */ = {
			isa = XCBuildConfiguration;
			buildSettings = {
				ALWAYS_SEARCH_USER_PATHS = NO;
				CLANG_ANALYZER_NONNULL = YES;
				CLANG_ANALYZER_NUMBER_OBJECT_CONVERSION = YES_AGGRESSIVE;
				CLANG_CXX_LANGUAGE_STANDARD = "gnu++14";
				CLANG_CXX_LIBRARY = "libc++";
				CLANG_ENABLE_MODULES = YES;
				CLANG_ENABLE_OBJC_ARC = YES;
				CLANG_WARN_BLOCK_CAPTURE_AUTORELEASING = YES;
				CLANG_WARN_BOOL_CONVERSION = YES;
				CLANG_WARN_COMMA = YES;
				CLANG_WARN_CONSTANT_CONVERSION = YES;
				CLANG_WARN_DIRECT_OBJC_ISA_USAGE = YES_ERROR;
				CLANG_WARN_DOCUMENTATION_COMMENTS = YES;
				CLANG_WARN_EMPTY_BODY = YES;
				CLANG_WARN_ENUM_CONVERSION = YES;
				CLANG_WARN_INFINITE_RECURSION = YES;
				CLANG_WARN_INT_CONVERSION = YES;
				CLANG_WARN_NON_LITERAL_NULL_CONVERSION = YES;
				CLANG_WARN_OBJC_LITERAL_CONVERSION = YES;
				CLANG_WARN_OBJC_ROOT_CLASS = YES_ERROR;
				CLANG_WARN_RANGE_LOOP_ANALYSIS = YES;
				CLANG_WARN_STRICT_PROTOTYPES = YES;
				CLANG_WARN_SUSPICIOUS_MOVE = YES;
				CLANG_WARN_UNGUARDED_AVAILABILITY = YES_AGGRESSIVE;
				CLANG_WARN_UNREACHABLE_CODE = YES;
				CLANG_WARN__DUPLICATE_METHOD_MATCH = YES;
				CODE_SIGN_IDENTITY = "iPhone Developer";
				COPY_PHASE_STRIP = NO;
				DEBUG_INFORMATION_FORMAT = "dwarf-with-dsym";
				ENABLE_NS_ASSERTIONS = NO;
				ENABLE_STRICT_OBJC_MSGSEND = YES;
				GCC_C_LANGUAGE_STANDARD = gnu11;
				GCC_NO_COMMON_BLOCKS = YES;
				GCC_WARN_64_TO_32_BIT_CONVERSION = YES;
				GCC_WARN_ABOUT_RETURN_TYPE = YES_ERROR;
				GCC_WARN_UNDECLARED_SELECTOR = YES;
				GCC_WARN_UNINITIALIZED_AUTOS = YES_AGGRESSIVE;
				GCC_WARN_UNUSED_FUNCTION = YES;
				GCC_WARN_UNUSED_VARIABLE = YES;
				IPHONEOS_DEPLOYMENT_TARGET = 11.2;
				MTL_ENABLE_DEBUG_INFO = NO;
				SDKROOT = iphoneos;
				SWIFT_OPTIMIZATION_LEVEL = "-Owholemodule";
				VALIDATE_PRODUCT = YES;
			};
			name = Release;
		};
		B0BBFEEB20693E1800F59FCC /* Debug */ = {
			isa = XCBuildConfiguration;
			baseConfigurationReference = 136BC625F58A0109F6D0C1BC /* Pods-target-MiramarTicketMaster.debug.xcconfig */;
			buildSettings = {
				ASSETCATALOG_COMPILER_APPICON_NAME = AppIcon;
				CODE_SIGN_STYLE = Automatic;
				DEVELOPMENT_TEAM = ZAGTQQV74L;
				INFOPLIST_FILE = MiramarTicketMaster/Info.plist;
				IPHONEOS_DEPLOYMENT_TARGET = 10.0;
				LD_RUNPATH_SEARCH_PATHS = "$(inherited) @executable_path/Frameworks";
				PRODUCT_BUNDLE_IDENTIFIER = idv.wayne.MiramarTicketMaster;
				PRODUCT_NAME = "$(TARGET_NAME)";
				SWIFT_VERSION = 4.0;
				TARGETED_DEVICE_FAMILY = "1,2";
			};
			name = Debug;
		};
		B0BBFEEC20693E1800F59FCC /* Release */ = {
			isa = XCBuildConfiguration;
			baseConfigurationReference = E4E2117115D5F3F66A8776FB /* Pods-target-MiramarTicketMaster.release.xcconfig */;
			buildSettings = {
				ASSETCATALOG_COMPILER_APPICON_NAME = AppIcon;
				CODE_SIGN_STYLE = Automatic;
				DEVELOPMENT_TEAM = ZAGTQQV74L;
				INFOPLIST_FILE = MiramarTicketMaster/Info.plist;
				IPHONEOS_DEPLOYMENT_TARGET = 10.0;
				LD_RUNPATH_SEARCH_PATHS = "$(inherited) @executable_path/Frameworks";
				PRODUCT_BUNDLE_IDENTIFIER = idv.wayne.MiramarTicketMaster;
				PRODUCT_NAME = "$(TARGET_NAME)";
				SWIFT_VERSION = 4.0;
				TARGETED_DEVICE_FAMILY = "1,2";
			};
			name = Release;
		};
		B0BBFEEE20693E1800F59FCC /* Debug */ = {
			isa = XCBuildConfiguration;
			buildSettings = {
				ALWAYS_EMBED_SWIFT_STANDARD_LIBRARIES = YES;
				BUNDLE_LOADER = "$(TEST_HOST)";
				CODE_SIGN_STYLE = Automatic;
				DEVELOPMENT_TEAM = ZAGTQQV74L;
				INFOPLIST_FILE = MiramarTicketMasterTests/Info.plist;
				LD_RUNPATH_SEARCH_PATHS = "$(inherited) @executable_path/Frameworks @loader_path/Frameworks";
				PRODUCT_BUNDLE_IDENTIFIER = idv.wayne.MiramarTicketMasterTests;
				PRODUCT_NAME = "$(TARGET_NAME)";
				SWIFT_VERSION = 4.0;
				TARGETED_DEVICE_FAMILY = "1,2";
				TEST_HOST = "$(BUILT_PRODUCTS_DIR)/MiramarTicketMaster.app/MiramarTicketMaster";
			};
			name = Debug;
		};
		B0BBFEEF20693E1800F59FCC /* Release */ = {
			isa = XCBuildConfiguration;
			buildSettings = {
				ALWAYS_EMBED_SWIFT_STANDARD_LIBRARIES = YES;
				BUNDLE_LOADER = "$(TEST_HOST)";
				CODE_SIGN_STYLE = Automatic;
				DEVELOPMENT_TEAM = ZAGTQQV74L;
				INFOPLIST_FILE = MiramarTicketMasterTests/Info.plist;
				LD_RUNPATH_SEARCH_PATHS = "$(inherited) @executable_path/Frameworks @loader_path/Frameworks";
				PRODUCT_BUNDLE_IDENTIFIER = idv.wayne.MiramarTicketMasterTests;
				PRODUCT_NAME = "$(TARGET_NAME)";
				SWIFT_VERSION = 4.0;
				TARGETED_DEVICE_FAMILY = "1,2";
				TEST_HOST = "$(BUILT_PRODUCTS_DIR)/MiramarTicketMaster.app/MiramarTicketMaster";
			};
			name = Release;
		};
/* End XCBuildConfiguration section */

/* Begin XCConfigurationList section */
		B0BBFEC820693E1800F59FCC /* Build configuration list for PBXProject "MiramarTicketMaster" */ = {
			isa = XCConfigurationList;
			buildConfigurations = (
				B0BBFEE820693E1800F59FCC /* Debug */,
				B0BBFEE920693E1800F59FCC /* Release */,
			);
			defaultConfigurationIsVisible = 0;
			defaultConfigurationName = Release;
		};
		B0BBFEEA20693E1800F59FCC /* Build configuration list for PBXNativeTarget "MiramarTicketMaster" */ = {
			isa = XCConfigurationList;
			buildConfigurations = (
				B0BBFEEB20693E1800F59FCC /* Debug */,
				B0BBFEEC20693E1800F59FCC /* Release */,
			);
			defaultConfigurationIsVisible = 0;
			defaultConfigurationName = Release;
		};
		B0BBFEED20693E1800F59FCC /* Build configuration list for PBXNativeTarget "MiramarTicketMasterTests" */ = {
			isa = XCConfigurationList;
			buildConfigurations = (
				B0BBFEEE20693E1800F59FCC /* Debug */,
				B0BBFEEF20693E1800F59FCC /* Release */,
			);
			defaultConfigurationIsVisible = 0;
			defaultConfigurationName = Release;
		};
/* End XCConfigurationList section */
	};
	rootObject = B0BBFEC520693E1800F59FCC /* Project object */;
}
